{
  "nodes": {
    "clustergit": {
      "flake": false,
      "locked": {
        "lastModified": 1678373821,
        "narHash": "sha256-vVY9yPa8yNVcZri8sfJfqiw8IGPnsO4G0ewUSUo2nxs=",
        "owner": "mnagel",
        "repo": "clustergit",
        "rev": "ed0cbe1fad3b5934bda45db3e06cf86d0c88185e",
        "type": "github"
      },
      "original": {
        "owner": "mnagel",
        "repo": "clustergit",
        "type": "github"
      }
    },
    "fenix": {
      "inputs": {
        "nixpkgs": [
          "flake-checker",
          "nixpkgs"
        ],
        "rust-analyzer-src": "rust-analyzer-src"
      },
      "locked": {
        "lastModified": 1735713283,
        "narHash": "sha256-xC6X49L55xo7AV+pAYclOj5UNWtBo/xx5aB5IehJD0M=",
        "rev": "bfba822a4220b0e2c4dc7f36a35e4c8450cd9a9c",
        "revCount": 2125,
        "type": "tarball",
        "url": "https://api.flakehub.com/f/pinned/nix-community/fenix/0.1.2125%2Brev-bfba822a4220b0e2c4dc7f36a35e4c8450cd9a9c/019420f1-c64f-7176-bdf5-3f4f4fe2bac6/source.tar.gz"
      },
      "original": {
        "type": "tarball",
        "url": "https://flakehub.com/f/nix-community/fenix/0.1.%2A"
      }
    },
    "flake-checker": {
      "inputs": {
        "fenix": "fenix",
        "naersk": "naersk",
        "nixpkgs": [
          "nixpkgs"
        ]
      },
      "locked": {
        "lastModified": 1738179765,
        "narHash": "sha256-fMu42zGaWaR/fGQg9zbGXsRTMXI5BQasyq8LPB3izik=",
        "owner": "DeterminateSystems",
        "repo": "flake-checker",
        "rev": "0b03ea1859a9191fc4119965e25e226ab1d81bf9",
        "type": "github"
      },
      "original": {
        "owner": "DeterminateSystems",
        "repo": "flake-checker",
        "type": "github"
      }
    },
    "home-manager": {
      "inputs": {
        "nixpkgs": [
          "nixpkgs"
        ]
      },
      "locked": {
        "lastModified": 1739757849,
        "narHash": "sha256-Gs076ot1YuAAsYVcyidLKUMIc4ooOaRGO0PqTY7sBzA=",
        "owner": "nix-community",
        "repo": "home-manager",
        "rev": "9d3d080aec2a35e05a15cedd281c2384767c2cfe",
        "type": "github"
      },
      "original": {
        "owner": "nix-community",
        "ref": "release-24.11",
        "repo": "home-manager",
        "type": "github"
      }
    },
    "naersk": {
      "inputs": {
        "nixpkgs": [
          "flake-checker",
          "nixpkgs"
        ]
      },
      "locked": {
        "lastModified": 1736269059,
        "narHash": "sha256-VaZlkrcfZOl85fz3o+GnNv+FkMG4RtnZA1eVa6v2TJs=",
        "rev": "38a563a865a0218d9f30f14333327aafc40eea75",
        "revCount": 350,
        "type": "tarball",
        "url": "https://api.flakehub.com/f/pinned/nix-community/naersk/0.1.350%2Brev-38a563a865a0218d9f30f14333327aafc40eea75/019441b4-40db-71af-aed5-f78c77cc6abc/source.tar.gz"
      },
      "original": {
        "type": "tarball",
        "url": "https://flakehub.com/f/nix-community/naersk/0.1.%2A"
      }
    },
    "nix-index-database": {
      "inputs": {
        "nixpkgs": [
          "nixpkgs"
        ]
      },
      "locked": {
        "lastModified": 1740281615,
        "narHash": "sha256-dZWcbAQ1sF8oVv+zjSKkPVY0ebwENQEkz5vc6muXbKY=",
        "owner": "Mic92",
        "repo": "nix-index-database",
        "rev": "465792533d03e6bb9dc849d58ab9d5e31fac9023",
        "type": "github"
      },
      "original": {
        "owner": "Mic92",
        "repo": "nix-index-database",
        "type": "github"
      }
    },
    "nixpkgs": {
      "locked": {
        "lastModified": 1740162160,
        "narHash": "sha256-SSYxFhqCOb3aiPb6MmN68yEzBIltfom8IgRz7phHscM=",
        "owner": "nixos",
        "repo": "nixpkgs",
        "rev": "11415c7ae8539d6292f2928317ee7a8410b28bb9",
        "type": "github"
      },
      "original": {
        "owner": "nixos",
        "ref": "nixos-24.11",
        "repo": "nixpkgs",
        "type": "github"
      }
    },
    "nixpkgs-unstable": {
      "locked": {
        "lastModified": 1740126099,
        "narHash": "sha256-ozoOtE2hGsqh4XkTJFsrTkNxkRgShxpQxDynaPZUGxk=",
        "owner": "nixos",
        "repo": "nixpkgs",
        "rev": "32fb99ba93fea2798be0e997ea331dd78167f814",
        "type": "github"
      },
      "original": {
        "owner": "nixos",
        "ref": "nixos-unstable",
        "repo": "nixpkgs",
        "type": "github"
      }
    },
    "root": {
      "inputs": {
        "clustergit": "clustergit",
        "flake-checker": "flake-checker",
        "home-manager": "home-manager",
        "nix-index-database": "nix-index-database",
        "nixpkgs": "nixpkgs",
        "nixpkgs-unstable": "nixpkgs-unstable"
      }
    },
    "rust-analyzer-src": {
      "flake": false,
      "locked": {
        "lastModified": 1735659655,
        "narHash": "sha256-DQgwi3pwaasWWDfNtXIX0lW5KvxQ+qVhxO1J7l68Qcc=",
        "owner": "rust-lang",
        "repo": "rust-analyzer",
        "rev": "085ad107943996c344633d58f26467b05f8e2ff0",
        "type": "github"
      },
      "original": {
        "owner": "rust-lang",
        "ref": "nightly",
        "repo": "rust-analyzer",
        "type": "github"
      }
    }
  },
  "root": "root",
  "version": 7
}
