{
  "nodes": {
    "clustergit": {
      "flake": false,
      "locked": {
        "lastModified": 1678373821,
        "narHash": "sha256-vVY9yPa8yNVcZri8sfJfqiw8IGPnsO4G0ewUSUo2nxs=",
        "owner": "mnagel",
        "repo": "clustergit",
        "rev": "ed0cbe1fad3b5934bda45db3e06cf86d0c88185e",
        "type": "github"
      },
      "original": {
        "owner": "mnagel",
        "repo": "clustergit",
        "type": "github"
      }
    },
    "crane": {
      "inputs": {
        "flake-compat": [
          "flake-checker",
          "flake-compat"
        ],
        "flake-utils": [
          "flake-checker",
          "flake-utils"
        ],
        "nixpkgs": [
          "flake-checker",
          "nixpkgs"
        ],
        "rust-overlay": "rust-overlay"
      },
      "locked": {
        "narHash": "sha256-ASliYUzlN/aTGDZ2d0FIqxq5fiz+Cwk0q2rYXgy4pB0=",
        "rev": "8cb0282cb7c7b5ad7ce1c47d48f647836f8924a0",
        "revCount": 432,
        "type": "tarball",
        "url": "https://api.flakehub.com/f/pinned/ipetkov/crane/0.14.2/018b3503-625a-71c8-96ff-c86e61bd12f7/source.tar.gz"
      },
      "original": {
        "type": "tarball",
        "url": "https://flakehub.com/f/ipetkov/crane/0.14.%2A.tar.gz"
      }
    },
    "flake-checker": {
      "inputs": {
        "crane": "crane",
        "flake-compat": "flake-compat",
        "flake-utils": "flake-utils",
        "nixpkgs": [
          "nixpkgs"
        ],
        "rust-overlay": "rust-overlay_2"
      },
      "locked": {
        "lastModified": 1712955158,
        "narHash": "sha256-XoYpiqatCQCYuKpVGlWcteVp71LXh+leFEtbL5lb0rs=",
        "owner": "DeterminateSystems",
        "repo": "flake-checker",
        "rev": "d3e0cd215d84349b2b1893f3ca58845039ca2694",
        "type": "github"
      },
      "original": {
        "owner": "DeterminateSystems",
        "repo": "flake-checker",
        "type": "github"
      }
    },
    "flake-compat": {
      "locked": {
        "narHash": "sha256-kvjfFW7WAETZlt09AgDn1MrtKzP7t90Vf7vypd3OL1U=",
        "rev": "0f9255e01c2351cc7d116c072cb317785dd33b33",
        "revCount": 57,
        "type": "tarball",
        "url": "https://api.flakehub.com/f/pinned/edolstra/flake-compat/1.0.1/018afb31-abd1-7bff-a5e4-cff7e18efb7a/source.tar.gz"
      },
      "original": {
        "type": "tarball",
        "url": "https://flakehub.com/f/edolstra/flake-compat/1.0.1.tar.gz"
      }
    },
    "flake-utils": {
      "inputs": {
        "systems": "systems"
      },
      "locked": {
        "lastModified": 1694529238,
        "narHash": "sha256-zsNZZGTGnMOf9YpHKJqMSsa0dXbfmxeoJ7xHlrt+xmY=",
        "owner": "numtide",
        "repo": "flake-utils",
        "rev": "ff7b65b44d01cf9ba6a71320833626af21126384",
        "type": "github"
      },
      "original": {
        "id": "flake-utils",
        "type": "indirect"
      }
    },
    "home-manager": {
      "inputs": {
        "nixpkgs": [
          "nixpkgs"
        ]
      },
      "locked": {
        "lastModified": 1712386041,
        "narHash": "sha256-dA82pOMQNnCJMAsPG7AXG35VmCSMZsJHTFlTHizpKWQ=",
        "owner": "nix-community",
        "repo": "home-manager",
        "rev": "d6bb9f934f2870e5cbc5b94c79e9db22246141ff",
        "type": "github"
      },
      "original": {
        "owner": "nix-community",
        "ref": "release-23.11",
        "repo": "home-manager",
        "type": "github"
      }
    },
    "nix-index-database": {
      "inputs": {
        "nixpkgs": [
          "nixpkgs"
        ]
      },
      "locked": {
        "lastModified": 1713067146,
        "narHash": "sha256-9D20xjblGKEVRVCnM3qWhiizEa9i6OpK6xQJajwcwOQ=",
        "owner": "Mic92",
        "repo": "nix-index-database",
        "rev": "93aed67288be60c9ef6133ba2f8de128f4ef265c",
        "type": "github"
      },
      "original": {
        "owner": "Mic92",
        "repo": "nix-index-database",
        "type": "github"
      }
    },
    "nixpkgs": {
      "locked": {
        "lastModified": 1713145326,
        "narHash": "sha256-m7+IWM6mkWOg22EC5kRUFCycXsXLSU7hWmHdmBfmC3s=",
        "owner": "nixos",
        "repo": "nixpkgs",
        "rev": "53a2c32bc66f5ae41a28d7a9a49d321172af621e",
        "type": "github"
      },
      "original": {
        "owner": "nixos",
        "ref": "nixos-23.11",
        "repo": "nixpkgs",
        "type": "github"
      }
    },
    "nixpkgs-unstable": {
      "locked": {
        "lastModified": 1713248628,
        "narHash": "sha256-NLznXB5AOnniUtZsyy/aPWOk8ussTuePp2acb9U+ISA=",
        "owner": "nixos",
        "repo": "nixpkgs",
        "rev": "5672bc9dbf9d88246ddab5ac454e82318d094bb8",
        "type": "github"
      },
      "original": {
        "owner": "nixos",
        "ref": "nixos-unstable",
        "repo": "nixpkgs",
        "type": "github"
      }
    },
    "root": {
      "inputs": {
        "clustergit": "clustergit",
        "flake-checker": "flake-checker",
        "home-manager": "home-manager",
        "nix-index-database": "nix-index-database",
        "nixpkgs": "nixpkgs",
        "nixpkgs-unstable": "nixpkgs-unstable"
      }
    },
    "rust-overlay": {
      "inputs": {
        "flake-utils": [
          "flake-checker",
          "crane",
          "flake-utils"
        ],
        "nixpkgs": [
          "flake-checker",
          "crane",
          "nixpkgs"
        ]
      },
      "locked": {
        "lastModified": 1696299134,
        "narHash": "sha256-RS77cAa0N+Sfj5EmKbm5IdncNXaBCE1BSSQvUE8exvo=",
        "owner": "oxalica",
        "repo": "rust-overlay",
        "rev": "611ccdceed92b4d94ae75328148d84ee4a5b462d",
        "type": "github"
      },
      "original": {
        "owner": "oxalica",
        "repo": "rust-overlay",
        "type": "github"
      }
    },
    "rust-overlay_2": {
      "inputs": {
        "flake-utils": [
          "flake-checker",
          "flake-utils"
        ],
        "nixpkgs": [
          "flake-checker",
          "nixpkgs"
        ]
      },
      "locked": {
        "lastModified": 1697422411,
        "narHash": "sha256-eCj20wEwATLm7Bd/+/wOIdbqq9jgvS6ZxMrxujX2DxU=",
        "owner": "oxalica",
        "repo": "rust-overlay",
        "rev": "056256f2fcf3c5a652dbc3edba9ec1a956d41f56",
        "type": "github"
      },
      "original": {
        "owner": "oxalica",
        "repo": "rust-overlay",
        "type": "github"
      }
    },
    "systems": {
      "locked": {
        "lastModified": 1681028828,
        "narHash": "sha256-Vy1rq5AaRuLzOxct8nz4T6wlgyUR7zLU309k9mBC768=",
        "owner": "nix-systems",
        "repo": "default",
        "rev": "da67096a3b9bf56a91d16901293e51ba5b49a27e",
        "type": "github"
      },
      "original": {
        "owner": "nix-systems",
        "repo": "default",
        "type": "github"
      }
    }
  },
  "root": "root",
  "version": 7
}
